
Microsoft Visual Studio Solution File, Format Version 12.00
# Visual Studio 15
VisualStudioVersion = 15.0.28307.779
MinimumVisualStudioVersion = 10.0.40219.1
Project("{FAE04EC0-301F-11D3-BF4B-00C04F79EFBC}") = "aula2", "aula2\aula2.csproj", "{C448DB86-DCE3-4F9D-9570-36C624DF9952}"
EndProject
Global
	GlobalSection(SolutionConfigurationPlatforms) = preSolution
		Debug|Any CPU = Debug|Any CPU
		Release|Any CPU = Release|Any CPU
	EndGlobalSection
	GlobalSection(ProjectConfigurationPlatforms) = postSolution
		{C448DB86-DCE3-4F9D-9570-36C624DF9952}.Debug|Any CPU.ActiveCfg = Debug|Any CPU
		{C448DB86-DCE3-4F9D-9570-36C624DF9952}.Debug|Any CPU.Build.0 = Debug|Any CPU
		{C448DB86-DCE3-4F9D-9570-36C624DF9952}.Release|Any CPU.ActiveCfg = Release|Any CPU
		{C448DB86-DCE3-4F9D-9570-36C624DF9952}.Release|Any CPU.Build.0 = Release|Any CPU
	EndGlobalSection
	GlobalSection(SolutionProperties) = preSolution
		HideSolutionNode = FALSE
	EndGlobalSection
	GlobalSection(ExtensibilityGlobals) = postSolution
		SolutionGuid = {30E1B717-96BB-4049-B7EE-C2D281C6E925}
	EndGlobalSection
EndGlobal
